{
  "name": "geojs-io",
  "version": "1.0.0",
  "lockfileVersion": 1,
  "requires": true,
  "dependencies": {
    "bulma": {
      "version": "0.7.2",
      "resolved": "https://registry.npmjs.org/bulma/-/bulma-0.7.2.tgz",
      "integrity": "sha512-6JHEu8U/1xsyOst/El5ImLcZIiE2JFXgvrz8GGWbnDLwTNRPJzdAM0aoUM1Ns0avALcVb6KZz9NhzmU53dGDcQ=="
    },
    "bulma-prefers-dark": {
      "version": "0.1.0-beta.0",
      "resolved": "https://registry.npmjs.org/bulma-prefers-dark/-/bulma-prefers-dark-0.1.0-beta.0.tgz",
      "integrity": "sha512-EeDW8pQrkYEOXo2l3WykfghbUzi8jlQWGI+Cu2HwmXwQHMcoGF6yiKYCNShttN+8z3atq8fLWh3B7pqXUV4fBA=="
    }
  }
}
